{
  "name": "sneakbit-server",
  "version": "0.1.0",
  "lockfileVersion": 3,
  "requires": true,
  "packages": {
    "": {
      "name": "sneakbit-server",
      "version": "0.1.0",
      "dependencies": {
        "sneakbit": "file:.."
      },
      "engines": {
        "node": ">=24"
      }
    },
    "..": {
      "version": "1.8.0",
      "devDependencies": {
        "electron": "^42.3.2",
        "electron-builder": "^26.8.1",
        "esbuild": "0.28.1",
        "ssh2": "1.17.0"
      },
      "engines": {
        "node": ">=20"
      }
    },
    "node_modules/sneakbit": {
      "resolved": "..",
      "link": true
    }
  }
}
